
Microsoft Visual Studio Solution File, Format Version 12.00
# Visual Studio Version 17
VisualStudioVersion = 17.11.35222.181
MinimumVisualStudioVersion = 10.0.40219.1
Project("{FAE04EC0-301F-11D3-BF4B-00C04F79EFBC}") = "Tomas.Seguros.Practica2", "Tomas.Seguros.Practica2.csproj", "{DA07BB4F-E1C9-489B-B63A-27BDBFC7F3FB}"
EndProject
Global
	GlobalSection(SolutionConfigurationPlatforms) = preSolution
		Debug|Any CPU = Debug|Any CPU
		Release|Any CPU = Release|Any CPU
	EndGlobalSection
	GlobalSection(ProjectConfigurationPlatforms) = postSolution
		{DA07BB4F-E1C9-489B-B63A-27BDBFC7F3FB}.Debug|Any CPU.ActiveCfg = Debug|Any CPU
		{DA07BB4F-E1C9-489B-B63A-27BDBFC7F3FB}.Debug|Any CPU.Build.0 = Debug|Any CPU
		{DA07BB4F-E1C9-489B-B63A-27BDBFC7F3FB}.Release|Any CPU.ActiveCfg = Release|Any CPU
		{DA07BB4F-E1C9-489B-B63A-27BDBFC7F3FB}.Release|Any CPU.Build.0 = Release|Any CPU
	EndGlobalSection
	GlobalSection(SolutionProperties) = preSolution
		HideSolutionNode = FALSE
	EndGlobalSection
	GlobalSection(ExtensibilityGlobals) = postSolution
		SolutionGuid = {65974C51-F2FC-4A51-8693-B95F088D6BB3}
	EndGlobalSection
EndGlobal
